
Microsoft Visual Studio Solution File, Format Version 10.00
# Visual Studio 2008
Project("{FAE04EC0-301F-11D3-BF4B-00C04F79EFBC}") = "AppChecker", "AppChecker\AppChecker.csproj", "{1D59CBBE-7F97-4E8B-AEF0-FF5680A60EB9}"
EndProject
Project("{FAE04EC0-301F-11D3-BF4B-00C04F79EFBC}") = "AppChecker.core", "AppChecker.core\AppChecker.core.csproj", "{94CDACBF-864F-4B83-AB95-E20B1F9A14AC}"
EndProject
Global
	GlobalSection(SubversionScc) = preSolution
		Svn-Managed = True
		Manager = AnkhSVN - Subversion Support for Visual Studio
	EndGlobalSection
	GlobalSection(SolutionConfigurationPlatforms) = preSolution
		Debug|Any CPU = Debug|Any CPU
		Release|Any CPU = Release|Any CPU
	EndGlobalSection
	GlobalSection(ProjectConfigurationPlatforms) = postSolution
		{1D59CBBE-7F97-4E8B-AEF0-FF5680A60EB9}.Debug|Any CPU.ActiveCfg = Debug|Any CPU
		{1D59CBBE-7F97-4E8B-AEF0-FF5680A60EB9}.Debug|Any CPU.Build.0 = Debug|Any CPU
		{1D59CBBE-7F97-4E8B-AEF0-FF5680A60EB9}.Release|Any CPU.ActiveCfg = Release|Any CPU
		{1D59CBBE-7F97-4E8B-AEF0-FF5680A60EB9}.Release|Any CPU.Build.0 = Release|Any CPU
		{94CDACBF-864F-4B83-AB95-E20B1F9A14AC}.Debug|Any CPU.ActiveCfg = Debug|Any CPU
		{94CDACBF-864F-4B83-AB95-E20B1F9A14AC}.Debug|Any CPU.Build.0 = Debug|Any CPU
		{94CDACBF-864F-4B83-AB95-E20B1F9A14AC}.Release|Any CPU.ActiveCfg = Release|Any CPU
		{94CDACBF-864F-4B83-AB95-E20B1F9A14AC}.Release|Any CPU.Build.0 = Release|Any CPU
	EndGlobalSection
	GlobalSection(SolutionProperties) = preSolution
		HideSolutionNode = FALSE
	EndGlobalSection
EndGlobal
