
Microsoft Visual Studio Solution File, Format Version 11.00
# Visual Studio 2010
Project("{FAE04EC0-301F-11D3-BF4B-00C04F79EFBC}") = "Cliente", "Cliente.csproj", "{35CDA0BD-675D-4B9D-97D2-61BF2184F4BB}"
EndProject
Project("{FAE04EC0-301F-11D3-BF4B-00C04F79EFBC}") = "SomeCompany.BE", "..\SomeCompany.BE\SomeCompany.BE.csproj", "{7070D9B9-65D3-433E-A504-E9C30952F973}"
EndProject
Global
	GlobalSection(SolutionConfigurationPlatforms) = preSolution
		Debug|Any CPU = Debug|Any CPU
		Release|Any CPU = Release|Any CPU
	EndGlobalSection
	GlobalSection(ProjectConfigurationPlatforms) = postSolution
		{35CDA0BD-675D-4B9D-97D2-61BF2184F4BB}.Debug|Any CPU.ActiveCfg = Debug|Any CPU
		{35CDA0BD-675D-4B9D-97D2-61BF2184F4BB}.Debug|Any CPU.Build.0 = Debug|Any CPU
		{35CDA0BD-675D-4B9D-97D2-61BF2184F4BB}.Release|Any CPU.ActiveCfg = Release|Any CPU
		{35CDA0BD-675D-4B9D-97D2-61BF2184F4BB}.Release|Any CPU.Build.0 = Release|Any CPU
		{7070D9B9-65D3-433E-A504-E9C30952F973}.Debug|Any CPU.ActiveCfg = Debug|Any CPU
		{7070D9B9-65D3-433E-A504-E9C30952F973}.Debug|Any CPU.Build.0 = Debug|Any CPU
		{7070D9B9-65D3-433E-A504-E9C30952F973}.Release|Any CPU.ActiveCfg = Release|Any CPU
		{7070D9B9-65D3-433E-A504-E9C30952F973}.Release|Any CPU.Build.0 = Release|Any CPU
	EndGlobalSection
	GlobalSection(SolutionProperties) = preSolution
		HideSolutionNode = FALSE
	EndGlobalSection
EndGlobal
