
Microsoft Visual Studio Solution File, Format Version 11.00
# Visual Studio 2010
Project("{FAE04EC0-301F-11D3-BF4B-00C04F79EFBC}") = "WebServiceDispatcher", "WebServiceDispatcher.csproj", "{EFA632D2-F98A-4650-8BBA-075E67CB7D29}"
EndProject


Global
	GlobalSection(SolutionConfigurationPlatforms) = preSolution
		Debug|Any CPU = Debug|Any CPU
		Release|Any CPU = Release|Any CPU
	EndGlobalSection
	GlobalSection(ProjectConfigurationPlatforms) = postSolution
		{EFA632D2-F98A-4650-8BBA-075E67CB7D29}.Debug|Any CPU.ActiveCfg = Debug|Any CPU
		{EFA632D2-F98A-4650-8BBA-075E67CB7D29}.Debug|Any CPU.Build.0 = Debug|Any CPU
		{EFA632D2-F98A-4650-8BBA-075E67CB7D29}.Release|Any CPU.ActiveCfg = Release|Any CPU
		{EFA632D2-F98A-4650-8BBA-075E67CB7D29}.Release|Any CPU.Build.0 = Release|Any CPU
		{842A24D2-7052-4D70-BCBB-728FE29E0385}.Debug|Any CPU.ActiveCfg = Debug|Any CPU
		{842A24D2-7052-4D70-BCBB-728FE29E0385}.Debug|Any CPU.Build.0 = Debug|Any CPU
		{842A24D2-7052-4D70-BCBB-728FE29E0385}.Release|Any CPU.ActiveCfg = Release|Any CPU
		{842A24D2-7052-4D70-BCBB-728FE29E0385}.Release|Any CPU.Build.0 = Release|Any CPU
		{CDFB2B90-2A11-4D6A-B8A8-EFC5FB2FBDD7}.Debug|Any CPU.ActiveCfg = Debug|Any CPU
		{CDFB2B90-2A11-4D6A-B8A8-EFC5FB2FBDD7}.Debug|Any CPU.Build.0 = Debug|Any CPU
		{CDFB2B90-2A11-4D6A-B8A8-EFC5FB2FBDD7}.Release|Any CPU.ActiveCfg = Release|Any CPU
		{CDFB2B90-2A11-4D6A-B8A8-EFC5FB2FBDD7}.Release|Any CPU.Build.0 = Release|Any CPU
	EndGlobalSection
	GlobalSection(SolutionProperties) = preSolution
		HideSolutionNode = FALSE
	EndGlobalSection
EndGlobal
