Microsoft Visual Studio Solution File, Format Version 10.00
# Visual Studio 2008
Project("{2150E333-8FDC-42A3-9474-1A3956D46DE8}") = "Configuration", "Configuration", "{C3617487-99C1-4DEE-BCAC-9203B8EAB3F0}"
EndProject
Project("{2150E333-8FDC-42A3-9474-1A3956D46DE8}") = "Bases", "Bases", "{08CFB3CE-4AC8-4F86-BF35-65BB41EE7CD8}"
EndProject
Project("{2150E333-8FDC-42A3-9474-1A3956D46DE8}") = "Blocking", "Blocking", "{9CB84A9F-53FA-4801-BC82-1DE70BFAA42F}"
EndProject
Project("{2150E333-8FDC-42A3-9474-1A3956D46DE8}") = "Test", "Test", "{5EA37F54-8BAE-4645-AA21-6CBE0B05BB09}"
EndProject
Project("{FAE04EC0-301F-11D3-BF4B-00C04F79EFBC}") = "Fwk.Security", "Fwk.Security\Fwk.Security.csproj", "{ADBA9438-D15D-4F34-AA76-05CD0A193FDE}"
EndProject
Project("{FAE04EC0-301F-11D3-BF4B-00C04F79EFBC}") = "Fwk.Bases", "Fwk.Bases\Fwk.Bases.csproj", "{1654A893-0408-474E-873C-E79F00D7587C}"
EndProject
Project("{FAE04EC0-301F-11D3-BF4B-00C04F79EFBC}") = "Fwk.Bases.Connector", "Fwk.Bases.Connector\Fwk.Bases.Connector.csproj", "{A1F08B2F-7D75-4BD4-8BD3-B98C582013EC}"
EndProject
Project("{FAE04EC0-301F-11D3-BF4B-00C04F79EFBC}") = "Fwk.DataBase.Test", "Test\Fwk.DataBase.Test\Fwk.DataBase.Test.csproj", "{B863D366-F197-49EB-8FA8-3CE53FD359B7}"
EndProject
Project("{FAE04EC0-301F-11D3-BF4B-00C04F79EFBC}") = "Fwk.Bases.Test", "Test\Fwk.Bases.Test\Fwk.Bases.Test.csproj", "{DD53E4BC-B685-44E9-B0F9-47EDE56A6AFC}"
EndProject
Project("{FAE04EC0-301F-11D3-BF4B-00C04F79EFBC}") = "Fwk.Configuration.Test", "Test\Fwk.Configuration.Test\Fwk.Configuration.Test\Fwk.Configuration.Test.csproj", "{4EF6237A-C6B5-49C3-8C56-6C1D41380A7C}"
EndProject
Project("{FAE04EC0-301F-11D3-BF4B-00C04F79EFBC}") = "Fwk.Cache.Test", "Test\Fwk.Cache.Test\Fwk.Cache.Test.csproj", "{9B89C4A1-E964-4E59-99BE-6218B592982E}"
EndProject
Project("{FAE04EC0-301F-11D3-BF4B-00C04F79EFBC}") = "Fwk.Blocking.BlockingService", "Fwk.Blocking\Fwk.Blocking.BlockingService\Fwk.Blocking.BlockingService.csproj", "{28E21FA6-5162-41B4-9FF0-6244DD01991A}"
EndProject
Project("{FAE04EC0-301F-11D3-BF4B-00C04F79EFBC}") = "Fwk.Logging.Test", "Test\Fwk.Loggin.Test\Fwk.Logging.Test.csproj", "{F401AC83-7EF8-4036-A003-C5518F4084CB}"
EndProject
Project("{54435603-DBB4-11D2-8724-00A0C9A8B90C}") = "Fwk.BlockingServiceInstall", "Fwk.Blocking\Fwk.BlockingServiceInstall\FwkBlockingServiceInstall.vdproj", "{AD540E6E-7CCC-45AE-91B3-CD1954FEC9D0}"
EndProject
Project("{2150E333-8FDC-42A3-9474-1A3956D46DE8}") = "Security", "Security", "{7D2D5A69-0108-4921-A499-1E55BC2541D5}"
EndProject
Project("{FAE04EC0-301F-11D3-BF4B-00C04F79EFBC}") = "Fwk.Blocking.Test", "Test\Fwk.Blocking.Test\Fwk.Blocking.Test.csproj", "{D1E836A9-2E4C-4FBF-A88D-B70DD0663B5B}"
EndProject
Project("{FAE04EC0-301F-11D3-BF4B-00C04F79EFBC}") = "Fwk.Criptography.Test", "Test\Fwk.Criptography.Test\Fwk.Criptography.Test.csproj", "{6DE96512-F2C4-4285-8E77-56C2C7999A7C}"
EndProject
Project("{FAE04EC0-301F-11D3-BF4B-00C04F79EFBC}") = "Fwk.DataBase", "Fwk.DataBase\Fwk.DataBase.csproj", "{87C826E0-D87A-4C89-94ED-3B1044746A34}"
EndProject
Project("{FAE04EC0-301F-11D3-BF4B-00C04F79EFBC}") = "Fwk.Configuration.ConfigurationProvider", "Fwk.Configuration\Fwk.Configuration.ConfigurationProvider\Fwk.Configuration.ConfigurationProvider.csproj", "{9AADFCD2-B965-42B4-A1AC-0FE50437EBBE}"
EndProject
Project("{E24C65DC-7377-472B-9ABA-BC803B73C61A}") = "Fwk.Configuration.ConfigurationService", "Fwk.Configuration\Fwk.Configuration.ConfigurationService\", "{3200C835-9EFB-4961-93F4-AA7EA1869E7A}"
	ProjectSection(WebsiteProperties) = preProject
		SccProjectName = "Svn"
		SccAuxPath = "Svn"
		SccLocalPath = "Svn"
		SccProvider = "SubversionScc"
		TargetFramework = "3.5"
		ProjectReferences = "{1654A893-0408-474E-873C-E79F00D7587C}|Fwk.Bases.dll;"
		Debug.AspNetCompiler.VirtualPath = "/Fwk.Configuration.ConfigurationService"
		Debug.AspNetCompiler.PhysicalPath = "Fwk.Configuration\Fwk.Configuration.ConfigurationService\"
		Debug.AspNetCompiler.TargetPath = "PrecompiledWeb\Fwk.Configuration.ConfigurationService\"
		Debug.AspNetCompiler.Updateable = "true"
		Debug.AspNetCompiler.ForceOverwrite = "true"
		Debug.AspNetCompiler.FixedNames = "false"
		Debug.AspNetCompiler.Debug = "True"
		Release.AspNetCompiler.VirtualPath = "/Fwk.Configuration.ConfigurationService"
		Release.AspNetCompiler.PhysicalPath = "Fwk.Configuration\Fwk.Configuration.ConfigurationService\"
		Release.AspNetCompiler.TargetPath = "PrecompiledWeb\Fwk.Configuration.ConfigurationService\"
		Release.AspNetCompiler.Updateable = "true"
		Release.AspNetCompiler.ForceOverwrite = "true"
		Release.AspNetCompiler.FixedNames = "false"
		Release.AspNetCompiler.Debug = "False"
		VWDPort = "1169"
	EndProjectSection
EndProject
Project("{FAE04EC0-301F-11D3-BF4B-00C04F79EFBC}") = "Fwk.Mail.Test", "Test\Fwk.Mail.Test\Fwk.Mail.Test.csproj", "{17877545-938E-45FF-BDDC-78E43944CBEE}"
EndProject
Global
	GlobalSection(SubversionScc) = preSolution
		Svn-Managed = True
		Manager = AnkhSVN - Subversion Support for Visual Studio
	EndGlobalSection
	GlobalSection(SolutionConfigurationPlatforms) = preSolution
		Debug|.NET = Debug|.NET
		Debug|Any CPU = Debug|Any CPU
		Debug|Mixed Platforms = Debug|Mixed Platforms
		Release|.NET = Release|.NET
		Release|Any CPU = Release|Any CPU
		Release|Mixed Platforms = Release|Mixed Platforms
	EndGlobalSection
	GlobalSection(ProjectConfigurationPlatforms) = postSolution
		{ADBA9438-D15D-4F34-AA76-05CD0A193FDE}.Debug|.NET.ActiveCfg = Debug|Any CPU
		{ADBA9438-D15D-4F34-AA76-05CD0A193FDE}.Debug|Any CPU.ActiveCfg = Debug|Any CPU
		{ADBA9438-D15D-4F34-AA76-05CD0A193FDE}.Debug|Any CPU.Build.0 = Debug|Any CPU
		{ADBA9438-D15D-4F34-AA76-05CD0A193FDE}.Debug|Mixed Platforms.ActiveCfg = Debug|Any CPU
		{ADBA9438-D15D-4F34-AA76-05CD0A193FDE}.Debug|Mixed Platforms.Build.0 = Debug|Any CPU
		{ADBA9438-D15D-4F34-AA76-05CD0A193FDE}.Release|.NET.ActiveCfg = Release|Any CPU
		{ADBA9438-D15D-4F34-AA76-05CD0A193FDE}.Release|Any CPU.ActiveCfg = Release|Any CPU
		{ADBA9438-D15D-4F34-AA76-05CD0A193FDE}.Release|Any CPU.Build.0 = Release|Any CPU
		{ADBA9438-D15D-4F34-AA76-05CD0A193FDE}.Release|Mixed Platforms.ActiveCfg = Release|Any CPU
		{ADBA9438-D15D-4F34-AA76-05CD0A193FDE}.Release|Mixed Platforms.Build.0 = Release|Any CPU
		{1654A893-0408-474E-873C-E79F00D7587C}.Debug|.NET.ActiveCfg = Debug|Any CPU
		{1654A893-0408-474E-873C-E79F00D7587C}.Debug|Any CPU.ActiveCfg = Debug|Any CPU
		{1654A893-0408-474E-873C-E79F00D7587C}.Debug|Any CPU.Build.0 = Debug|Any CPU
		{1654A893-0408-474E-873C-E79F00D7587C}.Debug|Mixed Platforms.ActiveCfg = Debug|Any CPU
		{1654A893-0408-474E-873C-E79F00D7587C}.Debug|Mixed Platforms.Build.0 = Debug|Any CPU
		{1654A893-0408-474E-873C-E79F00D7587C}.Release|.NET.ActiveCfg = Release|Any CPU
		{1654A893-0408-474E-873C-E79F00D7587C}.Release|Any CPU.ActiveCfg = Release|Any CPU
		{1654A893-0408-474E-873C-E79F00D7587C}.Release|Any CPU.Build.0 = Release|Any CPU
		{1654A893-0408-474E-873C-E79F00D7587C}.Release|Mixed Platforms.ActiveCfg = Release|Any CPU
		{1654A893-0408-474E-873C-E79F00D7587C}.Release|Mixed Platforms.Build.0 = Release|Any CPU
		{A1F08B2F-7D75-4BD4-8BD3-B98C582013EC}.Debug|.NET.ActiveCfg = Debug|Any CPU
		{A1F08B2F-7D75-4BD4-8BD3-B98C582013EC}.Debug|Any CPU.ActiveCfg = Debug|Any CPU
		{A1F08B2F-7D75-4BD4-8BD3-B98C582013EC}.Debug|Any CPU.Build.0 = Debug|Any CPU
		{A1F08B2F-7D75-4BD4-8BD3-B98C582013EC}.Debug|Mixed Platforms.ActiveCfg = Debug|Any CPU
		{A1F08B2F-7D75-4BD4-8BD3-B98C582013EC}.Debug|Mixed Platforms.Build.0 = Debug|Any CPU
		{A1F08B2F-7D75-4BD4-8BD3-B98C582013EC}.Release|.NET.ActiveCfg = Release|Any CPU
		{A1F08B2F-7D75-4BD4-8BD3-B98C582013EC}.Release|Any CPU.ActiveCfg = Release|Any CPU
		{A1F08B2F-7D75-4BD4-8BD3-B98C582013EC}.Release|Any CPU.Build.0 = Release|Any CPU
		{A1F08B2F-7D75-4BD4-8BD3-B98C582013EC}.Release|Mixed Platforms.ActiveCfg = Release|Any CPU
		{A1F08B2F-7D75-4BD4-8BD3-B98C582013EC}.Release|Mixed Platforms.Build.0 = Release|Any CPU
		{B863D366-F197-49EB-8FA8-3CE53FD359B7}.Debug|.NET.ActiveCfg = Debug|Any CPU
		{B863D366-F197-49EB-8FA8-3CE53FD359B7}.Debug|Any CPU.ActiveCfg = Debug|Any CPU
		{B863D366-F197-49EB-8FA8-3CE53FD359B7}.Debug|Any CPU.Build.0 = Debug|Any CPU
		{B863D366-F197-49EB-8FA8-3CE53FD359B7}.Debug|Mixed Platforms.ActiveCfg = Debug|Any CPU
		{B863D366-F197-49EB-8FA8-3CE53FD359B7}.Release|.NET.ActiveCfg = Release|Any CPU
		{B863D366-F197-49EB-8FA8-3CE53FD359B7}.Release|Any CPU.ActiveCfg = Release|Any CPU
		{B863D366-F197-49EB-8FA8-3CE53FD359B7}.Release|Any CPU.Build.0 = Release|Any CPU
		{B863D366-F197-49EB-8FA8-3CE53FD359B7}.Release|Mixed Platforms.ActiveCfg = Release|Any CPU
		{B863D366-F197-49EB-8FA8-3CE53FD359B7}.Release|Mixed Platforms.Build.0 = Release|Any CPU
		{DD53E4BC-B685-44E9-B0F9-47EDE56A6AFC}.Debug|.NET.ActiveCfg = Debug|Any CPU
		{DD53E4BC-B685-44E9-B0F9-47EDE56A6AFC}.Debug|Any CPU.ActiveCfg = Debug|Any CPU
		{DD53E4BC-B685-44E9-B0F9-47EDE56A6AFC}.Debug|Any CPU.Build.0 = Debug|Any CPU
		{DD53E4BC-B685-44E9-B0F9-47EDE56A6AFC}.Debug|Mixed Platforms.ActiveCfg = Debug|Any CPU
		{DD53E4BC-B685-44E9-B0F9-47EDE56A6AFC}.Debug|Mixed Platforms.Build.0 = Debug|Any CPU
		{DD53E4BC-B685-44E9-B0F9-47EDE56A6AFC}.Release|.NET.ActiveCfg = Release|Any CPU
		{DD53E4BC-B685-44E9-B0F9-47EDE56A6AFC}.Release|Any CPU.ActiveCfg = Release|Any CPU
		{DD53E4BC-B685-44E9-B0F9-47EDE56A6AFC}.Release|Any CPU.Build.0 = Release|Any CPU
		{DD53E4BC-B685-44E9-B0F9-47EDE56A6AFC}.Release|Mixed Platforms.ActiveCfg = Release|Any CPU
		{DD53E4BC-B685-44E9-B0F9-47EDE56A6AFC}.Release|Mixed Platforms.Build.0 = Release|Any CPU
		{4EF6237A-C6B5-49C3-8C56-6C1D41380A7C}.Debug|.NET.ActiveCfg = Debug|Any CPU
		{4EF6237A-C6B5-49C3-8C56-6C1D41380A7C}.Debug|Any CPU.ActiveCfg = Debug|Any CPU
		{4EF6237A-C6B5-49C3-8C56-6C1D41380A7C}.Debug|Any CPU.Build.0 = Debug|Any CPU
		{4EF6237A-C6B5-49C3-8C56-6C1D41380A7C}.Debug|Mixed Platforms.ActiveCfg = Debug|Any CPU
		{4EF6237A-C6B5-49C3-8C56-6C1D41380A7C}.Release|.NET.ActiveCfg = Release|Any CPU
		{4EF6237A-C6B5-49C3-8C56-6C1D41380A7C}.Release|Any CPU.ActiveCfg = Release|Any CPU
		{4EF6237A-C6B5-49C3-8C56-6C1D41380A7C}.Release|Any CPU.Build.0 = Release|Any CPU
		{4EF6237A-C6B5-49C3-8C56-6C1D41380A7C}.Release|Mixed Platforms.ActiveCfg = Release|Any CPU
		{4EF6237A-C6B5-49C3-8C56-6C1D41380A7C}.Release|Mixed Platforms.Build.0 = Release|Any CPU
		{9B89C4A1-E964-4E59-99BE-6218B592982E}.Debug|.NET.ActiveCfg = Debug|Any CPU
		{9B89C4A1-E964-4E59-99BE-6218B592982E}.Debug|Any CPU.ActiveCfg = Debug|Any CPU
		{9B89C4A1-E964-4E59-99BE-6218B592982E}.Debug|Any CPU.Build.0 = Debug|Any CPU
		{9B89C4A1-E964-4E59-99BE-6218B592982E}.Debug|Mixed Platforms.ActiveCfg = Debug|Any CPU
		{9B89C4A1-E964-4E59-99BE-6218B592982E}.Debug|Mixed Platforms.Build.0 = Debug|Any CPU
		{9B89C4A1-E964-4E59-99BE-6218B592982E}.Release|.NET.ActiveCfg = Release|Any CPU
		{9B89C4A1-E964-4E59-99BE-6218B592982E}.Release|Any CPU.ActiveCfg = Release|Any CPU
		{9B89C4A1-E964-4E59-99BE-6218B592982E}.Release|Any CPU.Build.0 = Release|Any CPU
		{9B89C4A1-E964-4E59-99BE-6218B592982E}.Release|Mixed Platforms.ActiveCfg = Release|Any CPU
		{9B89C4A1-E964-4E59-99BE-6218B592982E}.Release|Mixed Platforms.Build.0 = Release|Any CPU
		{28E21FA6-5162-41B4-9FF0-6244DD01991A}.Debug|.NET.ActiveCfg = Debug|Any CPU
		{28E21FA6-5162-41B4-9FF0-6244DD01991A}.Debug|Any CPU.ActiveCfg = Debug|Any CPU
		{28E21FA6-5162-41B4-9FF0-6244DD01991A}.Debug|Any CPU.Build.0 = Debug|Any CPU
		{28E21FA6-5162-41B4-9FF0-6244DD01991A}.Debug|Mixed Platforms.ActiveCfg = Release|Any CPU
		{28E21FA6-5162-41B4-9FF0-6244DD01991A}.Debug|Mixed Platforms.Build.0 = Release|Any CPU
		{28E21FA6-5162-41B4-9FF0-6244DD01991A}.Release|.NET.ActiveCfg = Release|Any CPU
		{28E21FA6-5162-41B4-9FF0-6244DD01991A}.Release|Any CPU.ActiveCfg = Release|Any CPU
		{28E21FA6-5162-41B4-9FF0-6244DD01991A}.Release|Any CPU.Build.0 = Release|Any CPU
		{28E21FA6-5162-41B4-9FF0-6244DD01991A}.Release|Mixed Platforms.ActiveCfg = Release|Any CPU
		{28E21FA6-5162-41B4-9FF0-6244DD01991A}.Release|Mixed Platforms.Build.0 = Release|Any CPU
		{F401AC83-7EF8-4036-A003-C5518F4084CB}.Debug|.NET.ActiveCfg = Debug|Any CPU
		{F401AC83-7EF8-4036-A003-C5518F4084CB}.Debug|Any CPU.ActiveCfg = Debug|Any CPU
		{F401AC83-7EF8-4036-A003-C5518F4084CB}.Debug|Any CPU.Build.0 = Debug|Any CPU
		{F401AC83-7EF8-4036-A003-C5518F4084CB}.Debug|Mixed Platforms.ActiveCfg = Debug|Any CPU
		{F401AC83-7EF8-4036-A003-C5518F4084CB}.Release|.NET.ActiveCfg = Release|Any CPU
		{F401AC83-7EF8-4036-A003-C5518F4084CB}.Release|Any CPU.ActiveCfg = Release|Any CPU
		{F401AC83-7EF8-4036-A003-C5518F4084CB}.Release|Any CPU.Build.0 = Release|Any CPU
		{F401AC83-7EF8-4036-A003-C5518F4084CB}.Release|Mixed Platforms.ActiveCfg = Release|Any CPU
		{F401AC83-7EF8-4036-A003-C5518F4084CB}.Release|Mixed Platforms.Build.0 = Release|Any CPU
		{AD540E6E-7CCC-45AE-91B3-CD1954FEC9D0}.Debug|.NET.ActiveCfg = Debug
		{AD540E6E-7CCC-45AE-91B3-CD1954FEC9D0}.Debug|Any CPU.ActiveCfg = Debug
		{AD540E6E-7CCC-45AE-91B3-CD1954FEC9D0}.Debug|Mixed Platforms.ActiveCfg = Release
		{AD540E6E-7CCC-45AE-91B3-CD1954FEC9D0}.Debug|Mixed Platforms.Build.0 = Release
		{AD540E6E-7CCC-45AE-91B3-CD1954FEC9D0}.Release|.NET.ActiveCfg = Release
		{AD540E6E-7CCC-45AE-91B3-CD1954FEC9D0}.Release|Any CPU.ActiveCfg = Release
		{AD540E6E-7CCC-45AE-91B3-CD1954FEC9D0}.Release|Mixed Platforms.ActiveCfg = Release
		{D1E836A9-2E4C-4FBF-A88D-B70DD0663B5B}.Debug|.NET.ActiveCfg = Debug|Any CPU
		{D1E836A9-2E4C-4FBF-A88D-B70DD0663B5B}.Debug|Any CPU.ActiveCfg = Debug|Any CPU
		{D1E836A9-2E4C-4FBF-A88D-B70DD0663B5B}.Debug|Any CPU.Build.0 = Debug|Any CPU
		{D1E836A9-2E4C-4FBF-A88D-B70DD0663B5B}.Debug|Mixed Platforms.ActiveCfg = Debug|Any CPU
		{D1E836A9-2E4C-4FBF-A88D-B70DD0663B5B}.Release|.NET.ActiveCfg = Release|Any CPU
		{D1E836A9-2E4C-4FBF-A88D-B70DD0663B5B}.Release|Any CPU.ActiveCfg = Release|Any CPU
		{D1E836A9-2E4C-4FBF-A88D-B70DD0663B5B}.Release|Any CPU.Build.0 = Release|Any CPU
		{D1E836A9-2E4C-4FBF-A88D-B70DD0663B5B}.Release|Mixed Platforms.ActiveCfg = Release|Any CPU
		{D1E836A9-2E4C-4FBF-A88D-B70DD0663B5B}.Release|Mixed Platforms.Build.0 = Release|Any CPU
		{6DE96512-F2C4-4285-8E77-56C2C7999A7C}.Debug|.NET.ActiveCfg = Debug|Any CPU
		{6DE96512-F2C4-4285-8E77-56C2C7999A7C}.Debug|Any CPU.ActiveCfg = Debug|Any CPU
		{6DE96512-F2C4-4285-8E77-56C2C7999A7C}.Debug|Any CPU.Build.0 = Debug|Any CPU
		{6DE96512-F2C4-4285-8E77-56C2C7999A7C}.Debug|Mixed Platforms.ActiveCfg = Debug|Any CPU
		{6DE96512-F2C4-4285-8E77-56C2C7999A7C}.Release|.NET.ActiveCfg = Release|Any CPU
		{6DE96512-F2C4-4285-8E77-56C2C7999A7C}.Release|Any CPU.ActiveCfg = Release|Any CPU
		{6DE96512-F2C4-4285-8E77-56C2C7999A7C}.Release|Any CPU.Build.0 = Release|Any CPU
		{6DE96512-F2C4-4285-8E77-56C2C7999A7C}.Release|Mixed Platforms.ActiveCfg = Release|Any CPU
		{6DE96512-F2C4-4285-8E77-56C2C7999A7C}.Release|Mixed Platforms.Build.0 = Release|Any CPU
		{87C826E0-D87A-4C89-94ED-3B1044746A34}.Debug|.NET.ActiveCfg = Debug|Any CPU
		{87C826E0-D87A-4C89-94ED-3B1044746A34}.Debug|Any CPU.ActiveCfg = Debug|Any CPU
		{87C826E0-D87A-4C89-94ED-3B1044746A34}.Debug|Any CPU.Build.0 = Debug|Any CPU
		{87C826E0-D87A-4C89-94ED-3B1044746A34}.Debug|Mixed Platforms.ActiveCfg = Debug|Any CPU
		{87C826E0-D87A-4C89-94ED-3B1044746A34}.Debug|Mixed Platforms.Build.0 = Debug|Any CPU
		{87C826E0-D87A-4C89-94ED-3B1044746A34}.Release|.NET.ActiveCfg = Release|Any CPU
		{87C826E0-D87A-4C89-94ED-3B1044746A34}.Release|Any CPU.ActiveCfg = Release|Any CPU
		{87C826E0-D87A-4C89-94ED-3B1044746A34}.Release|Any CPU.Build.0 = Release|Any CPU
		{87C826E0-D87A-4C89-94ED-3B1044746A34}.Release|Mixed Platforms.ActiveCfg = Release|Any CPU
		{87C826E0-D87A-4C89-94ED-3B1044746A34}.Release|Mixed Platforms.Build.0 = Release|Any CPU
		{9AADFCD2-B965-42B4-A1AC-0FE50437EBBE}.Debug|.NET.ActiveCfg = Debug|Any CPU
		{9AADFCD2-B965-42B4-A1AC-0FE50437EBBE}.Debug|Any CPU.ActiveCfg = Debug|Any CPU
		{9AADFCD2-B965-42B4-A1AC-0FE50437EBBE}.Debug|Any CPU.Build.0 = Debug|Any CPU
		{9AADFCD2-B965-42B4-A1AC-0FE50437EBBE}.Debug|Mixed Platforms.ActiveCfg = Debug|Any CPU
		{9AADFCD2-B965-42B4-A1AC-0FE50437EBBE}.Debug|Mixed Platforms.Build.0 = Debug|Any CPU
		{9AADFCD2-B965-42B4-A1AC-0FE50437EBBE}.Release|.NET.ActiveCfg = Release|Any CPU
		{9AADFCD2-B965-42B4-A1AC-0FE50437EBBE}.Release|Any CPU.ActiveCfg = Release|Any CPU
		{9AADFCD2-B965-42B4-A1AC-0FE50437EBBE}.Release|Any CPU.Build.0 = Release|Any CPU
		{9AADFCD2-B965-42B4-A1AC-0FE50437EBBE}.Release|Mixed Platforms.ActiveCfg = Release|Any CPU
		{9AADFCD2-B965-42B4-A1AC-0FE50437EBBE}.Release|Mixed Platforms.Build.0 = Release|Any CPU
		{3200C835-9EFB-4961-93F4-AA7EA1869E7A}.Debug|.NET.ActiveCfg = Debug|Any CPU
		{3200C835-9EFB-4961-93F4-AA7EA1869E7A}.Debug|Any CPU.ActiveCfg = Debug|Any CPU
		{3200C835-9EFB-4961-93F4-AA7EA1869E7A}.Debug|Any CPU.Build.0 = Debug|Any CPU
		{3200C835-9EFB-4961-93F4-AA7EA1869E7A}.Debug|Mixed Platforms.ActiveCfg = Debug|Any CPU
		{3200C835-9EFB-4961-93F4-AA7EA1869E7A}.Debug|Mixed Platforms.Build.0 = Debug|Any CPU
		{3200C835-9EFB-4961-93F4-AA7EA1869E7A}.Release|.NET.ActiveCfg = Debug|Any CPU
		{3200C835-9EFB-4961-93F4-AA7EA1869E7A}.Release|Any CPU.ActiveCfg = Debug|Any CPU
		{3200C835-9EFB-4961-93F4-AA7EA1869E7A}.Release|Any CPU.Build.0 = Debug|Any CPU
		{3200C835-9EFB-4961-93F4-AA7EA1869E7A}.Release|Mixed Platforms.ActiveCfg = Debug|Any CPU
		{3200C835-9EFB-4961-93F4-AA7EA1869E7A}.Release|Mixed Platforms.Build.0 = Debug|Any CPU
		{17877545-938E-45FF-BDDC-78E43944CBEE}.Debug|.NET.ActiveCfg = Debug|Any CPU
		{17877545-938E-45FF-BDDC-78E43944CBEE}.Debug|Any CPU.ActiveCfg = Debug|Any CPU
		{17877545-938E-45FF-BDDC-78E43944CBEE}.Debug|Any CPU.Build.0 = Debug|Any CPU
		{17877545-938E-45FF-BDDC-78E43944CBEE}.Debug|Mixed Platforms.ActiveCfg = Debug|Any CPU
		{17877545-938E-45FF-BDDC-78E43944CBEE}.Release|.NET.ActiveCfg = Release|Any CPU
		{17877545-938E-45FF-BDDC-78E43944CBEE}.Release|Any CPU.ActiveCfg = Release|Any CPU
		{17877545-938E-45FF-BDDC-78E43944CBEE}.Release|Any CPU.Build.0 = Release|Any CPU
		{17877545-938E-45FF-BDDC-78E43944CBEE}.Release|Mixed Platforms.ActiveCfg = Release|Any CPU
		{17877545-938E-45FF-BDDC-78E43944CBEE}.Release|Mixed Platforms.Build.0 = Release|Any CPU
	EndGlobalSection
	GlobalSection(SolutionProperties) = preSolution
		HideSolutionNode = FALSE
	EndGlobalSection
	GlobalSection(NestedProjects) = preSolution
		{9AADFCD2-B965-42B4-A1AC-0FE50437EBBE} = {C3617487-99C1-4DEE-BCAC-9203B8EAB3F0}
		{3200C835-9EFB-4961-93F4-AA7EA1869E7A} = {C3617487-99C1-4DEE-BCAC-9203B8EAB3F0}
		{1654A893-0408-474E-873C-E79F00D7587C} = {08CFB3CE-4AC8-4F86-BF35-65BB41EE7CD8}
		{A1F08B2F-7D75-4BD4-8BD3-B98C582013EC} = {08CFB3CE-4AC8-4F86-BF35-65BB41EE7CD8}
		{87C826E0-D87A-4C89-94ED-3B1044746A34} = {08CFB3CE-4AC8-4F86-BF35-65BB41EE7CD8}
		{28E21FA6-5162-41B4-9FF0-6244DD01991A} = {9CB84A9F-53FA-4801-BC82-1DE70BFAA42F}
		{AD540E6E-7CCC-45AE-91B3-CD1954FEC9D0} = {9CB84A9F-53FA-4801-BC82-1DE70BFAA42F}
		{B863D366-F197-49EB-8FA8-3CE53FD359B7} = {5EA37F54-8BAE-4645-AA21-6CBE0B05BB09}
		{DD53E4BC-B685-44E9-B0F9-47EDE56A6AFC} = {5EA37F54-8BAE-4645-AA21-6CBE0B05BB09}
		{4EF6237A-C6B5-49C3-8C56-6C1D41380A7C} = {5EA37F54-8BAE-4645-AA21-6CBE0B05BB09}
		{9B89C4A1-E964-4E59-99BE-6218B592982E} = {5EA37F54-8BAE-4645-AA21-6CBE0B05BB09}
		{F401AC83-7EF8-4036-A003-C5518F4084CB} = {5EA37F54-8BAE-4645-AA21-6CBE0B05BB09}
		{D1E836A9-2E4C-4FBF-A88D-B70DD0663B5B} = {5EA37F54-8BAE-4645-AA21-6CBE0B05BB09}
		{6DE96512-F2C4-4285-8E77-56C2C7999A7C} = {5EA37F54-8BAE-4645-AA21-6CBE0B05BB09}
		{17877545-938E-45FF-BDDC-78E43944CBEE} = {5EA37F54-8BAE-4645-AA21-6CBE0B05BB09}
		{ADBA9438-D15D-4F34-AA76-05CD0A193FDE} = {7D2D5A69-0108-4921-A499-1E55BC2541D5}
	EndGlobalSection
EndGlobal
