
Microsoft Visual Studio Solution File, Format Version 10.00
# Visual Studio 2008
Project("{FAE04EC0-301F-11D3-BF4B-00C04F79EFBC}") = "Fwk.GuidancePackageInstaller", "Fwk.GuidancePackageInstaller\Fwk.GuidancePackageInstaller.csproj", "{EFA6BFE3-C053-4C78-A12A-EBDD8D422A96}"
EndProject
Project("{54435603-DBB4-11D2-8724-00A0C9A8B90C}") = "Fwk.GuidancePackageSetup", "Fwk.GuidancePackageSetup\Fwk.GuidancePackageSetup.vdproj", "{7805F7B9-706E-4087-9EA9-ED683CDBBA96}"
EndProject
Project("{FAE04EC0-301F-11D3-BF4B-00C04F79EFBC}") = "Fwk.GuidancePackage", "Fwk.GuidancePackage\Fwk.GuidancePackage.csproj", "{42648A23-C354-4AE9-B3EF-4BA42E053279}"
EndProject
Global
	GlobalSection(SubversionScc) = preSolution
		Svn-Managed = True
		Manager = AnkhSVN - Subversion Support for Visual Studio
	EndGlobalSection
	GlobalSection(SolutionConfigurationPlatforms) = preSolution
		Debug|Any CPU = Debug|Any CPU
		Release|Any CPU = Release|Any CPU
	EndGlobalSection
	GlobalSection(ProjectConfigurationPlatforms) = postSolution
		{EFA6BFE3-C053-4C78-A12A-EBDD8D422A96}.Debug|Any CPU.ActiveCfg = Debug|Any CPU
		{EFA6BFE3-C053-4C78-A12A-EBDD8D422A96}.Debug|Any CPU.Build.0 = Debug|Any CPU
		{EFA6BFE3-C053-4C78-A12A-EBDD8D422A96}.Release|Any CPU.ActiveCfg = Release|Any CPU
		{EFA6BFE3-C053-4C78-A12A-EBDD8D422A96}.Release|Any CPU.Build.0 = Release|Any CPU
		{7805F7B9-706E-4087-9EA9-ED683CDBBA96}.Debug|Any CPU.ActiveCfg = Debug
		{7805F7B9-706E-4087-9EA9-ED683CDBBA96}.Debug|Any CPU.Build.0 = Debug
		{7805F7B9-706E-4087-9EA9-ED683CDBBA96}.Release|Any CPU.ActiveCfg = Release
		{7805F7B9-706E-4087-9EA9-ED683CDBBA96}.Release|Any CPU.Build.0 = Release
		{42648A23-C354-4AE9-B3EF-4BA42E053279}.Debug|Any CPU.ActiveCfg = Debug|Any CPU
		{42648A23-C354-4AE9-B3EF-4BA42E053279}.Debug|Any CPU.Build.0 = Debug|Any CPU
		{42648A23-C354-4AE9-B3EF-4BA42E053279}.Release|Any CPU.ActiveCfg = Release|Any CPU
		{42648A23-C354-4AE9-B3EF-4BA42E053279}.Release|Any CPU.Build.0 = Release|Any CPU
	EndGlobalSection
	GlobalSection(SolutionProperties) = preSolution
		HideSolutionNode = FALSE
	EndGlobalSection
EndGlobal
