
Microsoft Visual Studio Solution File, Format Version 11.00
# Visual Studio 2010
Project("{FAE04EC0-301F-11D3-BF4B-00C04F79EFBC}") = "Fwk.GuidancePackage", "Fwk.GuidancePackage\Fwk.GuidancePackage.csproj", "{552AACF7-5F94-41DF-98F0-1B01303532F3}"
EndProject
Project("{FAE04EC0-301F-11D3-BF4B-00C04F79EFBC}") = "Fwk.GuidancePackage.Test", "Fwk.GuidancePackage.Test\Fwk.GuidancePackage.Test.csproj", "{E147D4CA-9925-405D-863B-BDD3976E2CE9}"
EndProject
Project("{FAE04EC0-301F-11D3-BF4B-00C04F79EFBC}") = "Fwk.GuidancePackage.setup", "Fwk.GuidancePackage.setup\Fwk.GuidancePackage.setup.csproj", "{78D376E8-8A0B-4367-94B9-D90913B0A2DF}"
EndProject
Global
	GlobalSection(SolutionConfigurationPlatforms) = preSolution
		Debug|Any CPU = Debug|Any CPU
		Debug|Mixed Platforms = Debug|Mixed Platforms
		Debug|x86 = Debug|x86
		Release|Any CPU = Release|Any CPU
		Release|Mixed Platforms = Release|Mixed Platforms
		Release|x86 = Release|x86
	EndGlobalSection
	GlobalSection(ProjectConfigurationPlatforms) = postSolution
		{552AACF7-5F94-41DF-98F0-1B01303532F3}.Debug|Any CPU.ActiveCfg = Debug|Any CPU
		{552AACF7-5F94-41DF-98F0-1B01303532F3}.Debug|Any CPU.Build.0 = Debug|Any CPU
		{552AACF7-5F94-41DF-98F0-1B01303532F3}.Debug|Mixed Platforms.ActiveCfg = Debug|Any CPU
		{552AACF7-5F94-41DF-98F0-1B01303532F3}.Debug|Mixed Platforms.Build.0 = Debug|Any CPU
		{552AACF7-5F94-41DF-98F0-1B01303532F3}.Debug|x86.ActiveCfg = Debug|Any CPU
		{552AACF7-5F94-41DF-98F0-1B01303532F3}.Release|Any CPU.ActiveCfg = Release|Any CPU
		{552AACF7-5F94-41DF-98F0-1B01303532F3}.Release|Any CPU.Build.0 = Release|Any CPU
		{552AACF7-5F94-41DF-98F0-1B01303532F3}.Release|Mixed Platforms.ActiveCfg = Release|Any CPU
		{552AACF7-5F94-41DF-98F0-1B01303532F3}.Release|Mixed Platforms.Build.0 = Release|Any CPU
		{552AACF7-5F94-41DF-98F0-1B01303532F3}.Release|x86.ActiveCfg = Release|Any CPU
		{E147D4CA-9925-405D-863B-BDD3976E2CE9}.Debug|Any CPU.ActiveCfg = Debug|x86
		{E147D4CA-9925-405D-863B-BDD3976E2CE9}.Debug|Mixed Platforms.ActiveCfg = Debug|x86
		{E147D4CA-9925-405D-863B-BDD3976E2CE9}.Debug|Mixed Platforms.Build.0 = Debug|x86
		{E147D4CA-9925-405D-863B-BDD3976E2CE9}.Debug|x86.ActiveCfg = Debug|x86
		{E147D4CA-9925-405D-863B-BDD3976E2CE9}.Debug|x86.Build.0 = Debug|x86
		{E147D4CA-9925-405D-863B-BDD3976E2CE9}.Release|Any CPU.ActiveCfg = Release|x86
		{E147D4CA-9925-405D-863B-BDD3976E2CE9}.Release|Mixed Platforms.ActiveCfg = Release|x86
		{E147D4CA-9925-405D-863B-BDD3976E2CE9}.Release|Mixed Platforms.Build.0 = Release|x86
		{E147D4CA-9925-405D-863B-BDD3976E2CE9}.Release|x86.ActiveCfg = Release|x86
		{E147D4CA-9925-405D-863B-BDD3976E2CE9}.Release|x86.Build.0 = Release|x86
		{78D376E8-8A0B-4367-94B9-D90913B0A2DF}.Debug|Any CPU.ActiveCfg = Debug|Any CPU
		{78D376E8-8A0B-4367-94B9-D90913B0A2DF}.Debug|Any CPU.Build.0 = Debug|Any CPU
		{78D376E8-8A0B-4367-94B9-D90913B0A2DF}.Debug|Mixed Platforms.ActiveCfg = Debug|Any CPU
		{78D376E8-8A0B-4367-94B9-D90913B0A2DF}.Debug|Mixed Platforms.Build.0 = Debug|Any CPU
		{78D376E8-8A0B-4367-94B9-D90913B0A2DF}.Debug|x86.ActiveCfg = Debug|Any CPU
		{78D376E8-8A0B-4367-94B9-D90913B0A2DF}.Release|Any CPU.ActiveCfg = Release|Any CPU
		{78D376E8-8A0B-4367-94B9-D90913B0A2DF}.Release|Any CPU.Build.0 = Release|Any CPU
		{78D376E8-8A0B-4367-94B9-D90913B0A2DF}.Release|Mixed Platforms.ActiveCfg = Release|Any CPU
		{78D376E8-8A0B-4367-94B9-D90913B0A2DF}.Release|Mixed Platforms.Build.0 = Release|Any CPU
		{78D376E8-8A0B-4367-94B9-D90913B0A2DF}.Release|x86.ActiveCfg = Release|Any CPU
	EndGlobalSection
	GlobalSection(SolutionProperties) = preSolution
		HideSolutionNode = FALSE
	EndGlobalSection
EndGlobal
