
Microsoft Visual Studio Solution File, Format Version 11.00
# Visual Studio 2010
Project("{2150E333-8FDC-42A3-9474-1A3956D46DE8}") = "Test", "Test", "{59DEF41B-8EA5-48C3-A3A9-056839ED8F5D}"
EndProject
Project("{FAE04EC0-301F-11D3-BF4B-00C04F79EFBC}") = "SecurityAppBlock.Use", "SecurityAppBlock.Use\SecurityAppBlock.Use.csproj", "{9155394C-7D3C-4CD0-AA3A-ACD555D1790A}"
EndProject
Project("{FAE04EC0-301F-11D3-BF4B-00C04F79EFBC}") = "Fwk.Security.ActiveDirectory.Test", "Fwk.Security.ActiveDirectory.Test\Fwk.Security.ActiveDirectory.Test.csproj", "{F34E7964-2942-4129-9236-4F0B1A4F953E}"
EndProject
Project("{FAE04EC0-301F-11D3-BF4B-00C04F79EFBC}") = "Fwk.Security.Admin", "Fwk.Security.Admin\Fwk.Security.Admin.csproj", "{27D62BF8-5321-428B-93CE-98CFB8F6223E}"
EndProject
Project("{FAE04EC0-301F-11D3-BF4B-00C04F79EFBC}") = "Fwk.Security", "..\..\Fwk\Fwk.Security\Fwk.Security.csproj", "{ADBA9438-D15D-4F34-AA76-05CD0A193FDE}"
EndProject
Project("{FAE04EC0-301F-11D3-BF4B-00C04F79EFBC}") = "Fwk.Security.AD.TestLogin", "Fwk.Security.AD.TestLogin\Fwk.Security.AD.TestLogin.csproj", "{512B83B3-714E-48D4-904B-222B65B9F86A}"
	ProjectSection(ProjectDependencies) = postProject
		{E9E83CEA-C479-4AF5-8EBE-96F4F9BF9943} = {E9E83CEA-C479-4AF5-8EBE-96F4F9BF9943}
	EndProjectSection
EndProject
Project("{FAE04EC0-301F-11D3-BF4B-00C04F79EFBC}") = "Fwk.CheckLogging", "Fwk.CheckLogging\Fwk.CheckLogging.csproj", "{6483389E-4CBA-4034-8F9E-2200232E98E5}"
EndProject
Project("{00000000-0000-0000-0000-000000000000}") = "Fwk.CentralizedSecurity", "Fwk.CentralizedSecurity\Fwk.CentralizedSecurity.csproj", "{E9E83CEA-C479-4AF5-8EBE-96F4F9BF9943}"
EndProject
Project("{FAE04EC0-301F-11D3-BF4B-00C04F79EFBC}") = "Fwk.Security.Service", "..\..\Services\Fwk.Security.Service\Fwk.Security.Service.csproj", "{5659954E-96C0-4D30-8728-DF8BD381A63D}"
EndProject
Project("{FAE04EC0-301F-11D3-BF4B-00C04F79EFBC}") = "Fwk.Security.Service.Test", "..\..\Services\Fwk.Security.Service.Test\Fwk.Security.Service.Test.csproj", "{2BAD51BD-D7D0-4B1D-8915-4726B5B67264}"
EndProject
Project("{2150E333-8FDC-42A3-9474-1A3956D46DE8}") = "ASPNetServices", "ASPNetServices", "{2166907B-4844-44C0-A519-F93031558E1C}"
EndProject
Global
	GlobalSection(SubversionScc) = preSolution
		Svn-Managed = True
		Manager = AnkhSVN - Subversion Support for Visual Studio
	EndGlobalSection
	GlobalSection(SolutionConfigurationPlatforms) = preSolution
		Debug|Any CPU = Debug|Any CPU
		Release|Any CPU = Release|Any CPU
	EndGlobalSection
	GlobalSection(ProjectConfigurationPlatforms) = postSolution
		{9155394C-7D3C-4CD0-AA3A-ACD555D1790A}.Debug|Any CPU.ActiveCfg = Debug|Any CPU
		{9155394C-7D3C-4CD0-AA3A-ACD555D1790A}.Debug|Any CPU.Build.0 = Debug|Any CPU
		{9155394C-7D3C-4CD0-AA3A-ACD555D1790A}.Release|Any CPU.ActiveCfg = Release|Any CPU
		{9155394C-7D3C-4CD0-AA3A-ACD555D1790A}.Release|Any CPU.Build.0 = Release|Any CPU
		{F34E7964-2942-4129-9236-4F0B1A4F953E}.Debug|Any CPU.ActiveCfg = Debug|Any CPU
		{F34E7964-2942-4129-9236-4F0B1A4F953E}.Debug|Any CPU.Build.0 = Debug|Any CPU
		{F34E7964-2942-4129-9236-4F0B1A4F953E}.Release|Any CPU.ActiveCfg = Release|Any CPU
		{F34E7964-2942-4129-9236-4F0B1A4F953E}.Release|Any CPU.Build.0 = Release|Any CPU
		{27D62BF8-5321-428B-93CE-98CFB8F6223E}.Debug|Any CPU.ActiveCfg = Debug|Any CPU
		{27D62BF8-5321-428B-93CE-98CFB8F6223E}.Debug|Any CPU.Build.0 = Debug|Any CPU
		{27D62BF8-5321-428B-93CE-98CFB8F6223E}.Release|Any CPU.ActiveCfg = Release|Any CPU
		{27D62BF8-5321-428B-93CE-98CFB8F6223E}.Release|Any CPU.Build.0 = Release|Any CPU
		{ADBA9438-D15D-4F34-AA76-05CD0A193FDE}.Debug|Any CPU.ActiveCfg = Debug|Any CPU
		{ADBA9438-D15D-4F34-AA76-05CD0A193FDE}.Debug|Any CPU.Build.0 = Debug|Any CPU
		{ADBA9438-D15D-4F34-AA76-05CD0A193FDE}.Release|Any CPU.ActiveCfg = Release|Any CPU
		{ADBA9438-D15D-4F34-AA76-05CD0A193FDE}.Release|Any CPU.Build.0 = Release|Any CPU
		{512B83B3-714E-48D4-904B-222B65B9F86A}.Debug|Any CPU.ActiveCfg = Debug|Any CPU
		{512B83B3-714E-48D4-904B-222B65B9F86A}.Debug|Any CPU.Build.0 = Debug|Any CPU
		{512B83B3-714E-48D4-904B-222B65B9F86A}.Release|Any CPU.ActiveCfg = Release|Any CPU
		{512B83B3-714E-48D4-904B-222B65B9F86A}.Release|Any CPU.Build.0 = Release|Any CPU
		{6483389E-4CBA-4034-8F9E-2200232E98E5}.Debug|Any CPU.ActiveCfg = Debug|Any CPU
		{6483389E-4CBA-4034-8F9E-2200232E98E5}.Debug|Any CPU.Build.0 = Debug|Any CPU
		{6483389E-4CBA-4034-8F9E-2200232E98E5}.Release|Any CPU.ActiveCfg = Release|Any CPU
		{6483389E-4CBA-4034-8F9E-2200232E98E5}.Release|Any CPU.Build.0 = Release|Any CPU
		{E9E83CEA-C479-4AF5-8EBE-96F4F9BF9943}.Debug|Any CPU.ActiveCfg = Debug|Any CPU
		{E9E83CEA-C479-4AF5-8EBE-96F4F9BF9943}.Debug|Any CPU.Build.0 = Debug|Any CPU
		{E9E83CEA-C479-4AF5-8EBE-96F4F9BF9943}.Release|Any CPU.ActiveCfg = Release|Any CPU
		{E9E83CEA-C479-4AF5-8EBE-96F4F9BF9943}.Release|Any CPU.Build.0 = Release|Any CPU
		{5659954E-96C0-4D30-8728-DF8BD381A63D}.Debug|Any CPU.ActiveCfg = Debug|Any CPU
		{5659954E-96C0-4D30-8728-DF8BD381A63D}.Debug|Any CPU.Build.0 = Debug|Any CPU
		{5659954E-96C0-4D30-8728-DF8BD381A63D}.Release|Any CPU.ActiveCfg = Release|Any CPU
		{5659954E-96C0-4D30-8728-DF8BD381A63D}.Release|Any CPU.Build.0 = Release|Any CPU
		{2BAD51BD-D7D0-4B1D-8915-4726B5B67264}.Debug|Any CPU.ActiveCfg = Debug|Any CPU
		{2BAD51BD-D7D0-4B1D-8915-4726B5B67264}.Debug|Any CPU.Build.0 = Debug|Any CPU
		{2BAD51BD-D7D0-4B1D-8915-4726B5B67264}.Release|Any CPU.ActiveCfg = Release|Any CPU
		{2BAD51BD-D7D0-4B1D-8915-4726B5B67264}.Release|Any CPU.Build.0 = Release|Any CPU
	EndGlobalSection
	GlobalSection(SolutionProperties) = preSolution
		HideSolutionNode = FALSE
	EndGlobalSection
	GlobalSection(NestedProjects) = preSolution
		{9155394C-7D3C-4CD0-AA3A-ACD555D1790A} = {59DEF41B-8EA5-48C3-A3A9-056839ED8F5D}
		{F34E7964-2942-4129-9236-4F0B1A4F953E} = {59DEF41B-8EA5-48C3-A3A9-056839ED8F5D}
		{ADBA9438-D15D-4F34-AA76-05CD0A193FDE} = {59DEF41B-8EA5-48C3-A3A9-056839ED8F5D}
		{512B83B3-714E-48D4-904B-222B65B9F86A} = {59DEF41B-8EA5-48C3-A3A9-056839ED8F5D}
		{6483389E-4CBA-4034-8F9E-2200232E98E5} = {59DEF41B-8EA5-48C3-A3A9-056839ED8F5D}
		{2BAD51BD-D7D0-4B1D-8915-4726B5B67264} = {2166907B-4844-44C0-A519-F93031558E1C}
		{5659954E-96C0-4D30-8728-DF8BD381A63D} = {2166907B-4844-44C0-A519-F93031558E1C}
	EndGlobalSection
EndGlobal
