
Microsoft Visual Studio Solution File, Format Version 10.00
# Visual Studio 2008
Project("{FAE04EC0-301F-11D3-BF4B-00C04F79EFBC}") = "SecurityAppBlock.Use", "SecurityAppBlock.Use\SecurityAppBlock.Use.csproj", "{9155394C-7D3C-4CD0-AA3A-ACD555D1790A}"
EndProject
Project("{FAE04EC0-301F-11D3-BF4B-00C04F79EFBC}") = "Fwk.Security.ActiveDirectory.Test", "Fwk.Security.ActiveDirectory.Test\Fwk.Security.ActiveDirectory.Test.csproj", "{F34E7964-2942-4129-9236-4F0B1A4F953E}"
EndProject
Project("{FAE04EC0-301F-11D3-BF4B-00C04F79EFBC}") = "Fwk.Security.Admin", "Fwk.Security.Admin\Fwk.Security.Admin.csproj", "{27D62BF8-5321-428B-93CE-98CFB8F6223E}"
EndProject
Project("{2150E333-8FDC-42A3-9474-1A3956D46DE8}") = "Test", "Test", "{59DEF41B-8EA5-48C3-A3A9-056839ED8F5D}"
EndProject
Project("{FAE04EC0-301F-11D3-BF4B-00C04F79EFBC}") = "Fwk.Security", "..\..\Fwk\Fwk.Security\Fwk.Security.csproj", "{ADBA9438-D15D-4F34-AA76-05CD0A193FDE}"
EndProject
Project("{FAE04EC0-301F-11D3-BF4B-00C04F79EFBC}") = "Fwk.Security.AD.TestLogin", "Fwk.Security.AD.TestLogin\Fwk.Security.AD.TestLogin.csproj", "{512B83B3-714E-48D4-904B-222B65B9F86A}"
EndProject
Global
	GlobalSection(SubversionScc) = preSolution
		Svn-Managed = True
		Manager = AnkhSVN - Subversion Support for Visual Studio
	EndGlobalSection
	GlobalSection(SolutionConfigurationPlatforms) = preSolution
		Debug|Any CPU = Debug|Any CPU
		Release|Any CPU = Release|Any CPU
	EndGlobalSection
	GlobalSection(ProjectConfigurationPlatforms) = postSolution
		{9155394C-7D3C-4CD0-AA3A-ACD555D1790A}.Debug|Any CPU.ActiveCfg = Debug|Any CPU
		{9155394C-7D3C-4CD0-AA3A-ACD555D1790A}.Debug|Any CPU.Build.0 = Debug|Any CPU
		{9155394C-7D3C-4CD0-AA3A-ACD555D1790A}.Release|Any CPU.ActiveCfg = Release|Any CPU
		{9155394C-7D3C-4CD0-AA3A-ACD555D1790A}.Release|Any CPU.Build.0 = Release|Any CPU
		{F34E7964-2942-4129-9236-4F0B1A4F953E}.Debug|Any CPU.ActiveCfg = Debug|Any CPU
		{F34E7964-2942-4129-9236-4F0B1A4F953E}.Debug|Any CPU.Build.0 = Debug|Any CPU
		{F34E7964-2942-4129-9236-4F0B1A4F953E}.Release|Any CPU.ActiveCfg = Release|Any CPU
		{F34E7964-2942-4129-9236-4F0B1A4F953E}.Release|Any CPU.Build.0 = Release|Any CPU
		{27D62BF8-5321-428B-93CE-98CFB8F6223E}.Debug|Any CPU.ActiveCfg = Debug|Any CPU
		{27D62BF8-5321-428B-93CE-98CFB8F6223E}.Debug|Any CPU.Build.0 = Debug|Any CPU
		{27D62BF8-5321-428B-93CE-98CFB8F6223E}.Release|Any CPU.ActiveCfg = Release|Any CPU
		{27D62BF8-5321-428B-93CE-98CFB8F6223E}.Release|Any CPU.Build.0 = Release|Any CPU
		{ADBA9438-D15D-4F34-AA76-05CD0A193FDE}.Debug|Any CPU.ActiveCfg = Debug|Any CPU
		{ADBA9438-D15D-4F34-AA76-05CD0A193FDE}.Debug|Any CPU.Build.0 = Debug|Any CPU
		{ADBA9438-D15D-4F34-AA76-05CD0A193FDE}.Release|Any CPU.ActiveCfg = Release|Any CPU
		{ADBA9438-D15D-4F34-AA76-05CD0A193FDE}.Release|Any CPU.Build.0 = Release|Any CPU
		{512B83B3-714E-48D4-904B-222B65B9F86A}.Debug|Any CPU.ActiveCfg = Debug|Any CPU
		{512B83B3-714E-48D4-904B-222B65B9F86A}.Debug|Any CPU.Build.0 = Debug|Any CPU
		{512B83B3-714E-48D4-904B-222B65B9F86A}.Release|Any CPU.ActiveCfg = Release|Any CPU
		{512B83B3-714E-48D4-904B-222B65B9F86A}.Release|Any CPU.Build.0 = Release|Any CPU
	EndGlobalSection
	GlobalSection(SolutionProperties) = preSolution
		HideSolutionNode = FALSE
	EndGlobalSection
	GlobalSection(NestedProjects) = preSolution
		{F34E7964-2942-4129-9236-4F0B1A4F953E} = {59DEF41B-8EA5-48C3-A3A9-056839ED8F5D}
		{9155394C-7D3C-4CD0-AA3A-ACD555D1790A} = {59DEF41B-8EA5-48C3-A3A9-056839ED8F5D}
		{512B83B3-714E-48D4-904B-222B65B9F86A} = {59DEF41B-8EA5-48C3-A3A9-056839ED8F5D}
		{ADBA9438-D15D-4F34-AA76-05CD0A193FDE} = {59DEF41B-8EA5-48C3-A3A9-056839ED8F5D}
	EndGlobalSection
EndGlobal
