Microsoft Visual Studio Solution File, Format Version 10.00
# Visual Studio 2008
Project("{FAE04EC0-301F-11D3-BF4B-00C04F79EFBC}") = "Fwk.ServiceManagement.Tools.Win32", "Fwk.ServiceManagement.Tools.Win32\Fwk.ServiceManagement.Tools.Win32.csproj", "{35C67E35-70D2-4AF0-A937-977CCFAB4346}"
EndProject
Project("{E24C65DC-7377-472B-9ABA-BC803B73C61A}") = "Fwk.ServiceManagement.Tools.Web", "Fwk.ServiceManagement.Tools.Web\", "{C2BB68B2-4244-4714-81E3-F233A9FB6C19}"
	ProjectSection(WebsiteProperties) = preProject
		SccProjectName = "Svn"
		SccAuxPath = "Svn"
		SccLocalPath = "Svn"
		SccProvider = "SubversionScc"
		TargetFramework = "3.5"
		Debug.AspNetCompiler.VirtualPath = "/Fwk.ServiceManagement.Tools.Web"
		Debug.AspNetCompiler.PhysicalPath = "Fwk.ServiceManagement.Tools.Web\"
		Debug.AspNetCompiler.TargetPath = "PrecompiledWeb\Fwk.ServiceManagement.Tools.Web\"
		Debug.AspNetCompiler.Updateable = "true"
		Debug.AspNetCompiler.ForceOverwrite = "true"
		Debug.AspNetCompiler.FixedNames = "false"
		Debug.AspNetCompiler.Debug = "True"
		Release.AspNetCompiler.VirtualPath = "/Fwk.ServiceManagement.Tools.Web"
		Release.AspNetCompiler.PhysicalPath = "Fwk.ServiceManagement.Tools.Web\"
		Release.AspNetCompiler.TargetPath = "PrecompiledWeb\Fwk.ServiceManagement.Tools.Web\"
		Release.AspNetCompiler.Updateable = "true"
		Release.AspNetCompiler.ForceOverwrite = "true"
		Release.AspNetCompiler.FixedNames = "false"
		Release.AspNetCompiler.Debug = "False"
		VWDPort = "11091"
	EndProjectSection
EndProject
Global
	GlobalSection(SubversionScc) = preSolution
		Svn-Managed = True
		Manager = AnkhSVN - Subversion Support for Visual Studio
	EndGlobalSection
	GlobalSection(SolutionConfigurationPlatforms) = preSolution
		Debug|.NET = Debug|.NET
		Debug|Any CPU = Debug|Any CPU
		Debug|Mixed Platforms = Debug|Mixed Platforms
		Release|.NET = Release|.NET
		Release|Any CPU = Release|Any CPU
		Release|Mixed Platforms = Release|Mixed Platforms
	EndGlobalSection
	GlobalSection(ProjectConfigurationPlatforms) = postSolution
		{35C67E35-70D2-4AF0-A937-977CCFAB4346}.Debug|.NET.ActiveCfg = Debug|Any CPU
		{35C67E35-70D2-4AF0-A937-977CCFAB4346}.Debug|Any CPU.ActiveCfg = Debug|Any CPU
		{35C67E35-70D2-4AF0-A937-977CCFAB4346}.Debug|Any CPU.Build.0 = Debug|Any CPU
		{35C67E35-70D2-4AF0-A937-977CCFAB4346}.Debug|Mixed Platforms.ActiveCfg = Debug|Any CPU
		{35C67E35-70D2-4AF0-A937-977CCFAB4346}.Debug|Mixed Platforms.Build.0 = Debug|Any CPU
		{35C67E35-70D2-4AF0-A937-977CCFAB4346}.Release|.NET.ActiveCfg = Release|Any CPU
		{35C67E35-70D2-4AF0-A937-977CCFAB4346}.Release|Any CPU.ActiveCfg = Release|Any CPU
		{35C67E35-70D2-4AF0-A937-977CCFAB4346}.Release|Any CPU.Build.0 = Release|Any CPU
		{35C67E35-70D2-4AF0-A937-977CCFAB4346}.Release|Mixed Platforms.ActiveCfg = Release|Any CPU
		{35C67E35-70D2-4AF0-A937-977CCFAB4346}.Release|Mixed Platforms.Build.0 = Release|Any CPU
		{C2BB68B2-4244-4714-81E3-F233A9FB6C19}.Debug|.NET.ActiveCfg = Debug|.NET
		{C2BB68B2-4244-4714-81E3-F233A9FB6C19}.Debug|.NET.Build.0 = Debug|.NET
		{C2BB68B2-4244-4714-81E3-F233A9FB6C19}.Debug|Any CPU.ActiveCfg = Debug|.NET
		{C2BB68B2-4244-4714-81E3-F233A9FB6C19}.Debug|Mixed Platforms.ActiveCfg = Debug|.NET
		{C2BB68B2-4244-4714-81E3-F233A9FB6C19}.Release|.NET.ActiveCfg = Debug|.NET
		{C2BB68B2-4244-4714-81E3-F233A9FB6C19}.Release|.NET.Build.0 = Debug|.NET
		{C2BB68B2-4244-4714-81E3-F233A9FB6C19}.Release|Any CPU.ActiveCfg = Debug|.NET
		{C2BB68B2-4244-4714-81E3-F233A9FB6C19}.Release|Mixed Platforms.ActiveCfg = Debug|.NET
		{C2BB68B2-4244-4714-81E3-F233A9FB6C19}.Release|Mixed Platforms.Build.0 = Debug|.NET
	EndGlobalSection
	GlobalSection(SolutionProperties) = preSolution
		HideSolutionNode = FALSE
	EndGlobalSection
EndGlobal
